// !$*UTF8*$!
{
	archiveVersion = 1;
	classes = {
	};
	objectVersion = 46;
	objects = {

/* Begin PBXBuildFile section */
		DC63976F1CEC93AB00DD3C4E /* Images.xcassets in Resources */ = {isa = PBXBuildFile; fileRef = DC63976E1CEC93AB00DD3C4E /* Images.xcassets */; };
		DC89761A1BCE3A4F00DA210A /* Main.storyboard in Resources */ = {isa = PBXBuildFile; fileRef = DC8976181BCE3A4F00DA210A /* Main.storyboard */; };
		DC89761F1BCE3A4F00DA210A /* LaunchScreen.xib in Resources */ = {isa = PBXBuildFile; fileRef = DC89761D1BCE3A4F00DA210A /* LaunchScreen.xib */; };
		DC89762B1BCE3A4F00DA210A /* ParallaxEffectTests.swift in Sources */ = {isa = PBXBuildFile; fileRef = DC89762A1BCE3A4F00DA210A /* ParallaxEffectTests.swift */; };
		DCA5FA7F1CE9F9B40078EEBC /* AppDelegate.swift in Sources */ = {isa = PBXBuildFile; fileRef = DCA5FA7E1CE9F9B40078EEBC /* AppDelegate.swift */; };
		DCA5FA811CE9F9BD0078EEBC /* InterpollationMotionEffect.swift in Sources */ = {isa = PBXBuildFile; fileRef = DCA5FA801CE9F9BD0078EEBC /* InterpollationMotionEffect.swift */; };
		DCA5FA831CE9F9E30078EEBC /* CustomTableViewCell.swift in Sources */ = {isa = PBXBuildFile; fileRef = DCA5FA821CE9F9E30078EEBC /* CustomTableViewCell.swift */; };
		DCA5FA881CE9FA0B0078EEBC /* InterpolationViewController.swift in Sources */ = {isa = PBXBuildFile; fileRef = DCA5FA851CE9FA0B0078EEBC /* InterpolationViewController.swift */; };
		DCA5FA891CE9FA0B0078EEBC /* ViewController.swift in Sources */ = {isa = PBXBuildFile; fileRef = DCA5FA871CE9FA0B0078EEBC /* ViewController.swift */; };
/* End PBXBuildFile section */

/* Begin PBXContainerItemProxy section */
		DC8976251BCE3A4F00DA210A /* PBXContainerItemProxy */ = {
			isa = PBXContainerItemProxy;
			containerPortal = DC8976041BCE3A4F00DA210A /* Project object */;
			proxyType = 1;
			remoteGlobalIDString = DC89760B1BCE3A4F00DA210A;
			remoteInfo = ParallaxEffect;
		};
/* End PBXContainerItemProxy section */

/* Begin PBXFileReference section */
		DC63976E1CEC93AB00DD3C4E /* Images.xcassets */ = {isa = PBXFileReference; lastKnownFileType = folder.assetcatalog; path = Images.xcassets; sourceTree = "<group>"; };
		DC89760C1BCE3A4F00DA210A /* ParallaxEffect.app */ = {isa = PBXFileReference; explicitFileType = wrapper.application; includeInIndex = 0; path = ParallaxEffect.app; sourceTree = BUILT_PRODUCTS_DIR; };
		DC8976101BCE3A4F00DA210A /* Info.plist */ = {isa = PBXFileReference; lastKnownFileType = text.plist.xml; path = Info.plist; sourceTree = "<group>"; };
		DC8976191BCE3A4F00DA210A /* Base */ = {isa = PBXFileReference; lastKnownFileType = file.storyboard; name = Base; path = Base.lproj/Main.storyboard; sourceTree = "<group>"; };
		DC89761E1BCE3A4F00DA210A /* Base */ = {isa = PBXFileReference; lastKnownFileType = file.xib; name = Base; path = Base.lproj/LaunchScreen.xib; sourceTree = "<group>"; };
		DC8976241BCE3A4F00DA210A /* ParallaxEffectTests.xctest */ = {isa = PBXFileReference; explicitFileType = wrapper.cfbundle; includeInIndex = 0; path = ParallaxEffectTests.xctest; sourceTree = BUILT_PRODUCTS_DIR; };
		DC8976291BCE3A4F00DA210A /* Info.plist */ = {isa = PBXFileReference; lastKnownFileType = text.plist.xml; path = Info.plist; sourceTree = "<group>"; };
		DC89762A1BCE3A4F00DA210A /* ParallaxEffectTests.swift */ = {isa = PBXFileReference; lastKnownFileType = sourcecode.swift; path = ParallaxEffectTests.swift; sourceTree = "<group>"; };
		DCA5FA7E1CE9F9B40078EEBC /* AppDelegate.swift */ = {isa = PBXFileReference; fileEncoding = 4; lastKnownFileType = sourcecode.swift; path = AppDelegate.swift; sourceTree = "<group>"; };
		DCA5FA801CE9F9BD0078EEBC /* InterpollationMotionEffect.swift */ = {isa = PBXFileReference; fileEncoding = 4; lastKnownFileType = sourcecode.swift; path = InterpollationMotionEffect.swift; sourceTree = "<group>"; };
		DCA5FA821CE9F9E30078EEBC /* CustomTableViewCell.swift */ = {isa = PBXFileReference; fileEncoding = 4; lastKnownFileType = sourcecode.swift; path = CustomTableViewCell.swift; sourceTree = "<group>"; };
		DCA5FA851CE9FA0B0078EEBC /* InterpolationViewController.swift */ = {isa = PBXFileReference; fileEncoding = 4; lastKnownFileType = sourcecode.swift; path = InterpolationViewController.swift; sourceTree = "<group>"; };
		DCA5FA871CE9FA0B0078EEBC /* ViewController.swift */ = {isa = PBXFileReference; fileEncoding = 4; lastKnownFileType = sourcecode.swift; path = ViewController.swift; sourceTree = "<group>"; };
/* End PBXFileReference section */

/* Begin PBXFrameworksBuildPhase section */
		DC8976091BCE3A4F00DA210A /* Frameworks */ = {
			isa = PBXFrameworksBuildPhase;
			buildActionMask = 2147483647;
			files = (
			);
			runOnlyForDeploymentPostprocessing = 0;
		};
		DC8976211BCE3A4F00DA210A /* Frameworks */ = {
			isa = PBXFrameworksBuildPhase;
			buildActionMask = 2147483647;
			files = (
			);
			runOnlyForDeploymentPostprocessing = 0;
		};
/* End PBXFrameworksBuildPhase section */

/* Begin PBXGroup section */
		DC8976031BCE3A4F00DA210A = {
			isa = PBXGroup;
			children = (
				DC89760E1BCE3A4F00DA210A /* ParallaxEffect */,
				DC8976271BCE3A4F00DA210A /* ParallaxEffectTests */,
				DC89760D1BCE3A4F00DA210A /* Products */,
			);
			sourceTree = "<group>";
		};
		DC89760D1BCE3A4F00DA210A /* Products */ = {
			isa = PBXGroup;
			children = (
				DC89760C1BCE3A4F00DA210A /* ParallaxEffect.app */,
				DC8976241BCE3A4F00DA210A /* ParallaxEffectTests.xctest */,
			);
			name = Products;
			sourceTree = "<group>";
		};
		DC89760E1BCE3A4F00DA210A /* ParallaxEffect */ = {
			isa = PBXGroup;
			children = (
				DCA5FA781CE9F9010078EEBC /* Model */,
				DCA5FA791CE9F90A0078EEBC /* View */,
				DCA5FA7A1CE9F9140078EEBC /* Controller */,
				DC8976181BCE3A4F00DA210A /* Main.storyboard */,
				DC89761D1BCE3A4F00DA210A /* LaunchScreen.xib */,
				DC63976E1CEC93AB00DD3C4E /* Images.xcassets */,
				DC89760F1BCE3A4F00DA210A /* Supporting Files */,
			);
			path = ParallaxEffect;
			sourceTree = "<group>";
		};
		DC89760F1BCE3A4F00DA210A /* Supporting Files */ = {
			isa = PBXGroup;
			children = (
				DC8976101BCE3A4F00DA210A /* Info.plist */,
			);
			name = "Supporting Files";
			sourceTree = "<group>";
		};
		DC8976271BCE3A4F00DA210A /* ParallaxEffectTests */ = {
			isa = PBXGroup;
			children = (
				DC89762A1BCE3A4F00DA210A /* ParallaxEffectTests.swift */,
				DC8976281BCE3A4F00DA210A /* Supporting Files */,
			);
			path = ParallaxEffectTests;
			sourceTree = "<group>";
		};
		DC8976281BCE3A4F00DA210A /* Supporting Files */ = {
			isa = PBXGroup;
			children = (
				DC8976291BCE3A4F00DA210A /* Info.plist */,
			);
			name = "Supporting Files";
			sourceTree = "<group>";
		};
		DCA5FA781CE9F9010078EEBC /* Model */ = {
			isa = PBXGroup;
			children = (
				DCA5FA7B1CE9F92F0078EEBC /* MotionEffect */,
			);
			path = Model;
			sourceTree = "<group>";
		};
		DCA5FA791CE9F90A0078EEBC /* View */ = {
			isa = PBXGroup;
			children = (
				DCA5FA7C1CE9F9640078EEBC /* TableViewCell */,
			);
			path = View;
			sourceTree = "<group>";
		};
		DCA5FA7A1CE9F9140078EEBC /* Controller */ = {
			isa = PBXGroup;
			children = (
				DCA5FA841CE9FA0B0078EEBC /* InterpolationParallaxEffect */,
				DCA5FA861CE9FA0B0078EEBC /* ManualParallaxEffect */,
				DCA5FA7D1CE9F97E0078EEBC /* AppDelegate */,
			);
			path = Controller;
			sourceTree = "<group>";
		};
		DCA5FA7B1CE9F92F0078EEBC /* MotionEffect */ = {
			isa = PBXGroup;
			children = (
				DCA5FA801CE9F9BD0078EEBC /* InterpollationMotionEffect.swift */,
			);
			path = MotionEffect;
			sourceTree = "<group>";
		};
		DCA5FA7C1CE9F9640078EEBC /* TableViewCell */ = {
			isa = PBXGroup;
			children = (
				DCA5FA821CE9F9E30078EEBC /* CustomTableViewCell.swift */,
			);
			path = TableViewCell;
			sourceTree = "<group>";
		};
		DCA5FA7D1CE9F97E0078EEBC /* AppDelegate */ = {
			isa = PBXGroup;
			children = (
				DCA5FA7E1CE9F9B40078EEBC /* AppDelegate.swift */,
			);
			path = AppDelegate;
			sourceTree = "<group>";
		};
		DCA5FA841CE9FA0B0078EEBC /* InterpolationParallaxEffect */ = {
			isa = PBXGroup;
			children = (
				DCA5FA851CE9FA0B0078EEBC /* InterpolationViewController.swift */,
			);
			path = InterpolationParallaxEffect;
			sourceTree = "<group>";
		};
		DCA5FA861CE9FA0B0078EEBC /* ManualParallaxEffect */ = {
			isa = PBXGroup;
			children = (
				DCA5FA871CE9FA0B0078EEBC /* ViewController.swift */,
			);
			path = ManualParallaxEffect;
			sourceTree = "<group>";
		};
/* End PBXGroup section */

/* Begin PBXNativeTarget section */
		DC89760B1BCE3A4F00DA210A /* ParallaxEffect */ = {
			isa = PBXNativeTarget;
			buildConfigurationList = DC89762E1BCE3A4F00DA210A /* Build configuration list for PBXNativeTarget "ParallaxEffect" */;
			buildPhases = (
				DC8976081BCE3A4F00DA210A /* Sources */,
				DC8976091BCE3A4F00DA210A /* Frameworks */,
				DC89760A1BCE3A4F00DA210A /* Resources */,
			);
			buildRules = (
			);
			dependencies = (
			);
			name = ParallaxEffect;
			productName = ParallaxEffect;
			productReference = DC89760C1BCE3A4F00DA210A /* ParallaxEffect.app */;
			productType = "com.apple.product-type.application";
		};
		DC8976231BCE3A4F00DA210A /* ParallaxEffectTests */ = {
			isa = PBXNativeTarget;
			buildConfigurationList = DC8976311BCE3A4F00DA210A /* Build configuration list for PBXNativeTarget "ParallaxEffectTests" */;
			buildPhases = (
				DC8976201BCE3A4F00DA210A /* Sources */,
				DC8976211BCE3A4F00DA210A /* Frameworks */,
				DC8976221BCE3A4F00DA210A /* Resources */,
			);
			buildRules = (
			);
			dependencies = (
				DC8976261BCE3A4F00DA210A /* PBXTargetDependency */,
			);
			name = ParallaxEffectTests;
			productName = ParallaxEffectTests;
			productReference = DC8976241BCE3A4F00DA210A /* ParallaxEffectTests.xctest */;
			productType = "com.apple.product-type.bundle.unit-test";
		};
/* End PBXNativeTarget section */

/* Begin PBXProject section */
		DC8976041BCE3A4F00DA210A /* Project object */ = {
			isa = PBXProject;
			attributes = {
				LastSwiftUpdateCheck = 0720;
				LastUpgradeCheck = 0720;
				ORGANIZATIONNAME = "Vishal Mishra, Gagan";
				TargetAttributes = {
					DC89760B1BCE3A4F00DA210A = {
						CreatedOnToolsVersion = 6.3;
					};
					DC8976231BCE3A4F00DA210A = {
						CreatedOnToolsVersion = 6.3;
						DevelopmentTeam = JLHLUVS958;
						TestTargetID = DC89760B1BCE3A4F00DA210A;
					};
				};
			};
			buildConfigurationList = DC8976071BCE3A4F00DA210A /* Build configuration list for PBXProject "ParallaxEffect" */;
			compatibilityVersion = "Xcode 3.2";
			developmentRegion = English;
			hasScannedForEncodings = 0;
			knownRegions = (
				en,
				Base,
			);
			mainGroup = DC8976031BCE3A4F00DA210A;
			productRefGroup = DC89760D1BCE3A4F00DA210A /* Products */;
			projectDirPath = "";
			projectRoot = "";
			targets = (
				DC89760B1BCE3A4F00DA210A /* ParallaxEffect */,
				DC8976231BCE3A4F00DA210A /* ParallaxEffectTests */,
			);
		};
/* End PBXProject section */

/* Begin PBXResourcesBuildPhase section */
		DC89760A1BCE3A4F00DA210A /* Resources */ = {
			isa = PBXResourcesBuildPhase;
			buildActionMask = 2147483647;
			files = (
				DC63976F1CEC93AB00DD3C4E /* Images.xcassets in Resources */,
				DC89761A1BCE3A4F00DA210A /* Main.storyboard in Resources */,
				DC89761F1BCE3A4F00DA210A /* LaunchScreen.xib in Resources */,
			);
			runOnlyForDeploymentPostprocessing = 0;
		};
		DC8976221BCE3A4F00DA210A /* Resources */ = {
			isa = PBXResourcesBuildPhase;
			buildActionMask = 2147483647;
			files = (
			);
			runOnlyForDeploymentPostprocessing = 0;
		};
/* End PBXResourcesBuildPhase section */

/* Begin PBXSourcesBuildPhase section */
		DC8976081BCE3A4F00DA210A /* Sources */ = {
			isa = PBXSourcesBuildPhase;
			buildActionMask = 2147483647;
			files = (
				DCA5FA891CE9FA0B0078EEBC /* ViewController.swift in Sources */,
				DCA5FA831CE9F9E30078EEBC /* CustomTableViewCell.swift in Sources */,
				DCA5FA811CE9F9BD0078EEBC /* InterpollationMotionEffect.swift in Sources */,
				DCA5FA7F1CE9F9B40078EEBC /* AppDelegate.swift in Sources */,
				DCA5FA881CE9FA0B0078EEBC /* InterpolationViewController.swift in Sources */,
			);
			runOnlyForDeploymentPostprocessing = 0;
		};
		DC8976201BCE3A4F00DA210A /* Sources */ = {
			isa = PBXSourcesBuildPhase;
			buildActionMask = 2147483647;
			files = (
				DC89762B1BCE3A4F00DA210A /* ParallaxEffectTests.swift in Sources */,
			);
			runOnlyForDeploymentPostprocessing = 0;
		};
/* End PBXSourcesBuildPhase section */

/* Begin PBXTargetDependency section */
		DC8976261BCE3A4F00DA210A /* PBXTargetDependency */ = {
			isa = PBXTargetDependency;
			target = DC89760B1BCE3A4F00DA210A /* ParallaxEffect */;
			targetProxy = DC8976251BCE3A4F00DA210A /* PBXContainerItemProxy */;
		};
/* End PBXTargetDependency section */

/* Begin PBXVariantGroup section */
		DC8976181BCE3A4F00DA210A /* Main.storyboard */ = {
			isa = PBXVariantGroup;
			children = (
				DC8976191BCE3A4F00DA210A /* Base */,
			);
			name = Main.storyboard;
			sourceTree = "<group>";
		};
		DC89761D1BCE3A4F00DA210A /* LaunchScreen.xib */ = {
			isa = PBXVariantGroup;
			children = (
				DC89761E1BCE3A4F00DA210A /* Base */,
			);
			name = LaunchScreen.xib;
			sourceTree = "<group>";
		};
/* End PBXVariantGroup section */

/* Begin XCBuildConfiguration section */
		DC89762C1BCE3A4F00DA210A /* Debug */ = {
			isa = XCBuildConfiguration;
			buildSettings = {
				ALWAYS_SEARCH_USER_PATHS = NO;
				CLANG_CXX_LANGUAGE_STANDARD = "gnu++0x";
				CLANG_CXX_LIBRARY = "libc++";
				CLANG_ENABLE_MODULES = YES;
				CLANG_ENABLE_OBJC_ARC = YES;
				CLANG_WARN_BOOL_CONVERSION = YES;
				CLANG_WARN_CONSTANT_CONVERSION = YES;
				CLANG_WARN_DIRECT_OBJC_ISA_USAGE = YES_ERROR;
				CLANG_WARN_EMPTY_BODY = YES;
				CLANG_WARN_ENUM_CONVERSION = YES;
				CLANG_WARN_INT_CONVERSION = YES;
				CLANG_WARN_OBJC_ROOT_CLASS = YES_ERROR;
				CLANG_WARN_UNREACHABLE_CODE = YES;
				CLANG_WARN__DUPLICATE_METHOD_MATCH = YES;
				CODE_SIGN_IDENTITY = "";
				"CODE_SIGN_IDENTITY[sdk=iphoneos*]" = "";
				COPY_PHASE_STRIP = NO;
				DEBUG_INFORMATION_FORMAT = "dwarf-with-dsym";
				ENABLE_STRICT_OBJC_MSGSEND = YES;
				ENABLE_TESTABILITY = YES;
				GCC_C_LANGUAGE_STANDARD = gnu99;
				GCC_DYNAMIC_NO_PIC = NO;
				GCC_NO_COMMON_BLOCKS = YES;
				GCC_OPTIMIZATION_LEVEL = 0;
				GCC_PREPROCESSOR_DEFINITIONS = (
					"DEBUG=1",
					"$(inherited)",
				);
				GCC_SYMBOLS_PRIVATE_EXTERN = NO;
				GCC_WARN_64_TO_32_BIT_CONVERSION = YES;
				GCC_WARN_ABOUT_RETURN_TYPE = YES_ERROR;
				GCC_WARN_UNDECLARED_SELECTOR = YES;
				GCC_WARN_UNINITIALIZED_AUTOS = YES_AGGRESSIVE;
				GCC_WARN_UNUSED_FUNCTION = YES;
				GCC_WARN_UNUSED_VARIABLE = YES;
				IPHONEOS_DEPLOYMENT_TARGET = 8.1;
				MTL_ENABLE_DEBUG_INFO = YES;
				ONLY_ACTIVE_ARCH = YES;
				PROVISIONING_PROFILE = "";
				SDKROOT = iphoneos;
				SWIFT_OPTIMIZATION_LEVEL = "-Onone";
				TARGETED_DEVICE_FAMILY = "1,2";
			};
			name = Debug;
		};
		DC89762D1BCE3A4F00DA210A /* Release */ = {
			isa = XCBuildConfiguration;
			buildSettings = {
				ALWAYS_SEARCH_USER_PATHS = NO;
				CLANG_CXX_LANGUAGE_STANDARD = "gnu++0x";
				CLANG_CXX_LIBRARY = "libc++";
				CLANG_ENABLE_MODULES = YES;
				CLANG_ENABLE_OBJC_ARC = YES;
				CLANG_WARN_BOOL_CONVERSION = YES;
				CLANG_WARN_CONSTANT_CONVERSION = YES;
				CLANG_WARN_DIRECT_OBJC_ISA_USAGE = YES_ERROR;
				CLANG_WARN_EMPTY_BODY = YES;
				CLANG_WARN_ENUM_CONVERSION = YES;
				CLANG_WARN_INT_CONVERSION = YES;
				CLANG_WARN_OBJC_ROOT_CLASS = YES_ERROR;
				CLANG_WARN_UNREACHABLE_CODE = YES;
				CLANG_WARN__DUPLICATE_METHOD_MATCH = YES;
				CODE_SIGN_IDENTITY = "";
				"CODE_SIGN_IDENTITY[sdk=iphoneos*]" = "";
				COPY_PHASE_STRIP = NO;
				DEBUG_INFORMATION_FORMAT = "dwarf-with-dsym";
				ENABLE_NS_ASSERTIONS = NO;
				ENABLE_STRICT_OBJC_MSGSEND = YES;
				GCC_C_LANGUAGE_STANDARD = gnu99;
				GCC_NO_COMMON_BLOCKS = YES;
				GCC_WARN_64_TO_32_BIT_CONVERSION = YES;
				GCC_WARN_ABOUT_RETURN_TYPE = YES_ERROR;
				GCC_WARN_UNDECLARED_SELECTOR = YES;
				GCC_WARN_UNINITIALIZED_AUTOS = YES_AGGRESSIVE;
				GCC_WARN_UNUSED_FUNCTION = YES;
				GCC_WARN_UNUSED_VARIABLE = YES;
				IPHONEOS_DEPLOYMENT_TARGET = 8.1;
				MTL_ENABLE_DEBUG_INFO = NO;
				PROVISIONING_PROFILE = "";
				SDKROOT = iphoneos;
				TARGETED_DEVICE_FAMILY = "1,2";
				VALIDATE_PRODUCT = YES;
			};
			name = Release;
		};
		DC89762F1BCE3A4F00DA210A /* Debug */ = {
			isa = XCBuildConfiguration;
			buildSettings = {
				ASSETCATALOG_COMPILER_APPICON_NAME = AppIcon;
				CLANG_ENABLE_MODULES = YES;
				CODE_SIGN_IDENTITY = "";
				"CODE_SIGN_IDENTITY[sdk=iphoneos*]" = "iPhone Developer: Gagan Mishra (N26XMP7GHN)";
				INFOPLIST_FILE = ParallaxEffect/Info.plist;
				IPHONEOS_DEPLOYMENT_TARGET = 8.1;
				LD_RUNPATH_SEARCH_PATHS = "$(inherited) @executable_path/Frameworks";
				PRODUCT_NAME = "$(TARGET_NAME)";
				PROVISIONING_PROFILE = "";
				SWIFT_OBJC_BRIDGING_HEADER = "";
				SWIFT_OPTIMIZATION_LEVEL = "-Onone";
			};
			name = Debug;
		};
		DC8976301BCE3A4F00DA210A /* Release */ = {
			isa = XCBuildConfiguration;
			buildSettings = {
				ASSETCATALOG_COMPILER_APPICON_NAME = AppIcon;
				CLANG_ENABLE_MODULES = YES;
				CODE_SIGN_IDENTITY = "";
				"CODE_SIGN_IDENTITY[sdk=iphoneos*]" = "";
				INFOPLIST_FILE = ParallaxEffect/Info.plist;
				IPHONEOS_DEPLOYMENT_TARGET = 8.1;
				LD_RUNPATH_SEARCH_PATHS = "$(inherited) @executable_path/Frameworks";
				PRODUCT_NAME = "$(TARGET_NAME)";
				PROVISIONING_PROFILE = "";
				SWIFT_OBJC_BRIDGING_HEADER = "";
			};
			name = Release;
		};
		DC8976321BCE3A4F00DA210A /* Debug */ = {
			isa = XCBuildConfiguration;
			buildSettings = {
				BUNDLE_LOADER = "$(TEST_HOST)";
				CODE_SIGN_IDENTITY = "iPhone Developer";
				"CODE_SIGN_IDENTITY[sdk=iphoneos*]" = "iPhone Developer";
				FRAMEWORK_SEARCH_PATHS = (
					"$(SDKROOT)/Developer/Library/Frameworks",
					"$(inherited)",
				);
				GCC_PREPROCESSOR_DEFINITIONS = (
					"DEBUG=1",
					"$(inherited)",
				);
				INFOPLIST_FILE = ParallaxEffectTests/Info.plist;
				LD_RUNPATH_SEARCH_PATHS = "$(inherited) @executable_path/Frameworks @loader_path/Frameworks";
				PRODUCT_BUNDLE_IDENTIFIER = "Gagan.$(PRODUCT_NAME:rfc1034identifier)";
				PRODUCT_NAME = "$(TARGET_NAME)";
				PROVISIONING_PROFILE = "";
				TEST_HOST = "$(BUILT_PRODUCTS_DIR)/ParallaxEffect.app/ParallaxEffect";
			};
			name = Debug;
		};
		DC8976331BCE3A4F00DA210A /* Release */ = {
			isa = XCBuildConfiguration;
			buildSettings = {
				BUNDLE_LOADER = "$(TEST_HOST)";
				CODE_SIGN_IDENTITY = "iPhone Developer";
				"CODE_SIGN_IDENTITY[sdk=iphoneos*]" = "iPhone Developer";
				FRAMEWORK_SEARCH_PATHS = (
					"$(SDKROOT)/Developer/Library/Frameworks",
					"$(inherited)",
				);
				INFOPLIST_FILE = ParallaxEffectTests/Info.plist;
				LD_RUNPATH_SEARCH_PATHS = "$(inherited) @executable_path/Frameworks @loader_path/Frameworks";
				PRODUCT_BUNDLE_IDENTIFIER = "Gagan.$(PRODUCT_NAME:rfc1034identifier)";
				PRODUCT_NAME = "$(TARGET_NAME)";
				PROVISIONING_PROFILE = "";
				TEST_HOST = "$(BUILT_PRODUCTS_DIR)/ParallaxEffect.app/ParallaxEffect";
			};
			name = Release;
		};
/* End XCBuildConfiguration section */

/* Begin XCConfigurationList section */
		DC8976071BCE3A4F00DA210A /* Build configuration list for PBXProject "ParallaxEffect" */ = {
			isa = XCConfigurationList;
			buildConfigurations = (
				DC89762C1BCE3A4F00DA210A /* Debug */,
				DC89762D1BCE3A4F00DA210A /* Release */,
			);
			defaultConfigurationIsVisible = 0;
			defaultConfigurationName = Release;
		};
		DC89762E1BCE3A4F00DA210A /* Build configuration list for PBXNativeTarget "ParallaxEffect" */ = {
			isa = XCConfigurationList;
			buildConfigurations = (
				DC89762F1BCE3A4F00DA210A /* Debug */,
				DC8976301BCE3A4F00DA210A /* Release */,
			);
			defaultConfigurationIsVisible = 0;
			defaultConfigurationName = Release;
		};
		DC8976311BCE3A4F00DA210A /* Build configuration list for PBXNativeTarget "ParallaxEffectTests" */ = {
			isa = XCConfigurationList;
			buildConfigurations = (
				DC8976321BCE3A4F00DA210A /* Debug */,
				DC8976331BCE3A4F00DA210A /* Release */,
			);
			defaultConfigurationIsVisible = 0;
			defaultConfigurationName = Release;
		};
/* End XCConfigurationList section */
	};
	rootObject = DC8976041BCE3A4F00DA210A /* Project object */;
}
